{
  "version": 4,
  "terraform_version": "1.3.9",
  "serial": 1537,
  "lineage": "309ea057-41bb-e985-640c-0c621676fb5b",
  "outputs": {
    "linux_private_key_pem": {
      "value": "-----BEGIN RSA PRIVATE KEY-----\nMIIEpAIBAAKCAQEApL+MIcoHSQZ0DQTDlC4+uxOjDHWOXlY9dCiV+QMOFnwwHJQw\npE3Ur9yhwI0wAXoK/lDvMMAo7BXYPN05Kqwn3QlQEU4GHAm7Dzyk9h4vV/4WKSds\nwTpgddRMJfUjYPgO6dEyWDMm8z/HSmKkbCaDplaV/wTFsfXFHIdj3RtWYzWls8bx\nBkSpwndfU4jEGeQlqrNmJKjRVJM+J9gelwn6T9XJU6WrzNkmZa63UvgtFBEsiafd\n2WU+9OONBw2cBiK+q/yEbpg4Af2ELhlk0YFbj1VvqL1ekNkhAV8rse3o7jxl01zX\naiVu8jAoKpncIxtAtkuqz956fX6GQNcujLqOxQIDAQABAoIBAEvW5ZJUZ0AlmVy4\n2bOoCjaiVoeQwiYJOyby2/8SefS93IP7b9zi+0qtnUR/eh7j6JWj+kgN3Yi4kZ+L\nExriv0MQW2xr54IWtKbR+vpVcOPn0pnFTVoyHl9/iEJc85la97qJE8zoV0DZFkvW\n1uv2WtpCt6/6qWs/wSpd5QnO4NiwBzfTERCOpQAmwLMjtbWeXtsGHBZNLydDJ13M\nX3jv6B9yU05IMQ4KtS7XH6kdyj5n60Dapq9yKYyd+Lb/DuqvyQA8AT6n++IXngFD\nTXbZbkadxrbuPUH0yV8t20acUFja+S0hAv0m3ktGmZYNt97EJCWALGB1hBbJ/VWr\n0LdpPyECgYEA145u49kwgYMWEhH6JaVmebmedTVlX2hwGCw7FDA4RDyN3zIL8mrv\nfO1h8k9YHm+OYc9kcTA3YQ6ZQAhO8EBlZ3OLATzCtsg4M3yUUV4iDcXffF31bupk\nb0RTKpYZev0Sf/B/p/OOEz++tCG8bXVl5EuN1o7IA09rmm6pY6y6Ec0CgYEAw6i0\nv5Q/kICnI5N5E1LPp6Le9rfgR3uDxI1p/3PiOTuxlkWmusfVoDDKKh4C60ggprED\n1E1keKKWl2NVj7ra7rIO2N4SRgnXGZ1oEPaPOqSoltYUctW6daTrq6wjYz+z+WtE\nb7Swh+5PO3brc3os+3bdWG2R390HJpPk0ElvWNkCgYEAhEpA2gsoTsPBntNznvkU\nnC4EBtD/Zv90lBFJLMmvLomvVESlumBQnG4fh5OUdBFo47RhY2oBAsrv2LGAqMgM\ns+HgdKDyqzTT8R1K9Wj9I1DGKNCNWUX236aiF+fIuYdpfCWAYvYBwuSDSI/P0amU\nH/kSkpRMQmPSmRPDV43hIB0CgYAGvDf8oE3P253lS55PW/pp+uFR/OJrk4TlrziG\n4qZW8gca9SrYIyjnasaKzJ2tG76D/nPzSva6cF5et7yqRfRjYx2/uWVHo+8ToqeC\nbfpgOmrTRmtNyK2yfwrdzf8p23eGjnq8nau2Ai4YDe/s+beysFTORndPDXzBhzXJ\nNb3vgQKBgQCdRmK+R2S4uihHeLz/c7AXe03a/TP7q1T5Mckwzl6d9rV5Ipa6QVdK\nnn6A35xFjzE5BivYnN27bINGVAG0CzqlYC60gaqTWXhghEP2HFcsW1whGnaCjwbO\nm/lgG9hMrRuaobhW9v20X4A1zFy4IA4jumRCktKUU82hH86HxiIFBw==\n-----END RSA PRIVATE KEY-----\n",
      "type": "string",
      "sensitive": true
    },
    "win-password": {
      "value": "P@ssword01",
      "type": "string",
      "sensitive": true
    },
    "win_private_key_pem": {
      "value": "-----BEGIN RSA PRIVATE KEY-----\nMIIEowIBAAKCAQEAs7/dWjKIVNiwucd7Jj2bYSMq2egguU85wkfVbKF4ezLg/sUO\nVbORAVRfkePhWkLj8gKOMrqBAL+uwyifQLVrewEsvhGEjlJBSiBNoknZNm0pqe11\nPzRYExWCFdU7yWWQyqyU1qpG+Dl6/Kpwp0eIlQnVYvW79hpAA8y+IBl2vErW8Htd\nYtvhYDHquUNbcYshpb1Ml/Ed7tAITb04DuOgxfLGE7AcqdRgZGr/eAUgWT/851xG\ncKl0lU+dAZWYhVrWO103PCrEaCcLeTAqPkySdrwzqHQpM+WlCG59jdLwUD+Q46zu\ntM0gbemqIBtnMzqA3rEzlYOsIMPcqIFdjp1hLwIDAQABAoIBAQCl1Ia0ZhZcoKU6\nYAz/VKr6zOUFsCAwliTlVjxSQg3TKzdkFAyLiGRo45xgDeqjyT5e0Xi62FGXjUAA\nEIQLwNPt4UGUALlYTA6sAm1dIeBhVAiyGr6mlvYCdT9UQSstPKR+NwYBnYpoCy+p\n1tyjl10skqvo5miIPeN9HfDx0Ew4nQ4LDCWH7ccofjxRzVVWD+SEJFURpI9ev2sw\nV/gr/ttEtM+5TN9Y7kryUEfFlgcOyPkNrGkaocXTZ6L9YlvM2+kNJ+GniDBNZu4K\nXOGOPAWNKCOioqwrrJ49LS+O8M/sqjQCSJG/UlGBbDE+iXaZ/uqlql5NB9aBCKZX\nEpDCMrVxAoGBAMbpzWDtRIbyTBqr+4S+z2BxPCRaYn3a/7Wccy6Ao12lk5GUr5JQ\nbYU6YVbfbJvMZJeyFtMMNh9mtoOT6peNOUY1HR0rvhZzBlPonCaIqt8dPkw1GKcu\nfNFoK+Wmkep075nlsliFBypSTwD7BCKlHamSBQxDAKoyLgGtmi19uyvjAoGBAOdW\nF8sBUXplNBjcVhgbytNV0IYZ7uuqtmTVD+jvxAEGreObqgkm3ZJCcAveVxLHCG32\nHkYeCvPg1DsIuODG2Qq7RzHWMJt5LLF/AL7gNhAnwFd44sY9KQlfxPCuwvRFRgU3\nbJfLyAYqHH/tax1IQKzn1GcbV1+NSketnFJd+s9FAoGAWiAJHEek6vfRn6wY9BZ4\nY5wqwdXqFlgp0CGo1oMWghHJgQa7XjHuzZScEf59eUHsugbI7Kr1wtiJDajxe+VS\n9AqQvGzbXdSUI2Sbi6IUua7IUUMlfmpDx6XJbe5A4thEz5gRbKYpjvVoMmuJfiEO\nBYzRmLKrFHJUAhKkbsQvED0CgYA/bKs5TTM5i2WtKzuvgG8rYeu52IJYuoUnQAMM\nqi/i2CH0tUj5GV7GKtDtcBgPXeJBw6ipMLNwCcQmK04E0n/PIWlzkHXjKmXGhDuA\nGZi49S0Wzl3eXAZUO52TH1b0AcogxAFR3N0KU6FcsYscjCKvRSBG5Igf+mzTGhYx\nvvJ0wQKBgCCeQ4OsQNcyHBxKIXtymVY8ILtJSlkiiR/WTqJxwykzQKvK0zjdiCP8\nPr06c+TYvay19Ol+cBaeFe/n/Mjz7I0ppHZYPSncKnwGHk2pPBmUn51U2Y8IaVPp\nY29qNHvDSnMJlOoqiPmnL/nsT2A5zHNCu+zU9lv1oQmuiBCk/OBi\n-----END RSA PRIVATE KEY-----\n",
      "type": "string",
      "sensitive": true
    },
    "win_public_key": {
      "value": "ssh-rsa AAAAB3NzaC1yc2EAAAADAQABAAABAQCzv91aMohU2LC5x3smPZthIyrZ6CC5TznCR9VsoXh7MuD+xQ5Vs5EBVF+R4+FaQuPyAo4yuoEAv67DKJ9AtWt7ASy+EYSOUkFKIE2iSdk2bSmp7XU/NFgTFYIV1TvJZZDKrJTWqkb4OXr8qnCnR4iVCdVi9bv2GkADzL4gGXa8Stbwe11i2+FgMeq5Q1txiyGlvUyX8R3u0AhNvTgO46DF8sYTsByp1GBkav94BSBZP/znXEZwqXSVT50BlZiFWtY7XTc8KsRoJwt5MCo+TJJ2vDOodCkz5aUIbn2N0vBQP5DjrO60zSBt6aogG2czOoDesTOVg6wgw9yogV2OnWEv\n",
      "type": "string",
      "sensitive": true
    }
  },
  "resources": [
    {
      "module": "module.ansible",
      "mode": "managed",
      "type": "aws_instance",
      "name": "li-ansible",
      "provider": "provider[\"registry.terraform.io/hashicorp/aws\"]",
      "instances": [
        {
          "status": "tainted",
          "schema_version": 1,
          "attributes": {
            "ami": "ami-0f2eac25772cd4e36",
            "arn": "arn:aws:ec2:ap-southeast-1:104866962497:instance/i-02a5c4ffd7a667460",
            "associate_public_ip_address": true,
            "availability_zone": "ap-southeast-1a",
            "capacity_reservation_specification": [
              {
                "capacity_reservation_preference": "open",
                "capacity_reservation_target": []
              }
            ],
            "cpu_core_count": 1,
            "cpu_threads_per_core": 1,
            "credit_specification": [
              {
                "cpu_credits": "standard"
              }
            ],
            "disable_api_stop": false,
            "disable_api_termination": false,
            "ebs_block_device": [],
            "ebs_optimized": false,
            "enclave_options": [
              {
                "enabled": false
              }
            ],
            "ephemeral_block_device": [],
            "get_password_data": false,
            "hibernation": false,
            "host_id": "",
            "host_resource_group_arn": null,
            "iam_instance_profile": "",
            "id": "i-02a5c4ffd7a667460",
            "instance_initiated_shutdown_behavior": "stop",
            "instance_state": "running",
            "instance_type": "t2.micro",
            "ipv6_address_count": 0,
            "ipv6_addresses": [],
            "key_name": "Tan-TF-Linux-key",
            "launch_template": [],
            "maintenance_options": [
              {
                "auto_recovery": "default"
              }
            ],
            "metadata_options": [
              {
                "http_endpoint": "enabled",
                "http_put_response_hop_limit": 1,
                "http_tokens": "optional",
                "instance_metadata_tags": "disabled"
              }
            ],
            "monitoring": false,
            "network_interface": [],
            "outpost_arn": "",
            "password_data": "",
            "placement_group": "",
            "placement_partition_number": 0,
            "primary_network_interface_id": "eni-0b97ac899035b5201",
            "private_dns": "ip-172-16-1-75.ap-southeast-1.compute.internal",
            "private_dns_name_options": [
              {
                "enable_resource_name_dns_a_record": false,
                "enable_resource_name_dns_aaaa_record": false,
                "hostname_type": "ip-name"
              }
            ],
            "private_ip": "172.16.1.75",
            "public_dns": "",
            "public_ip": "54.254.229.236",
            "root_block_device": [
              {
                "delete_on_termination": true,
                "device_name": "/dev/xvda",
                "encrypted": false,
                "iops": 100,
                "kms_key_id": "",
                "tags": {},
                "throughput": 0,
                "volume_id": "vol-0923de22b3223ade6",
                "volume_size": 8,
                "volume_type": "gp2"
              }
            ],
            "secondary_private_ips": [],
            "security_groups": [
              "sg-08851e7346b39ea0f"
            ],
            "source_dest_check": true,
            "subnet_id": "subnet-077f58733a4d50cb6",
            "tags": {
              "Name": "linux-ansible"
            },
            "tags_all": {
              "Name": "linux-ansible"
            },
            "tenancy": "default",
            "timeouts": null,
            "user_data": null,
            "user_data_base64": null,
            "user_data_replace_on_change": false,
            "volume_tags": null,
            "vpc_security_group_ids": [
              "sg-08851e7346b39ea0f"
            ]
          },
          "sensitive_attributes": [],
          "private": "eyJlMmJmYjczMC1lY2FhLTExZTYtOGY4OC0zNDM2M2JjN2M0YzAiOnsiY3JlYXRlIjo2MDAwMDAwMDAwMDAsImRlbGV0ZSI6MTIwMDAwMDAwMDAwMCwidXBkYXRlIjo2MDAwMDAwMDAwMDB9LCJzY2hlbWFfdmVyc2lvbiI6IjEifQ==",
          "dependencies": [
            "module.ansible.aws_security_group.secu-group-ansible",
            "module.key.tls_private_key.tan-private-linux",
            "module.newrelic.aws_instance.li",
            "module.newrelic.aws_instance.win",
            "module.newrelic.aws_security_group.secu-group-test2",
            "module.newrelic.data.aws_ssm_parameter.password",
            "module.newrelic.data.aws_ssm_parameter.username",
            "module.newrelic.data.aws_ssm_parameter.win-pass",
            "module.newrelic.data.template_file.windows-userdata",
            "module.vpc.aws_subnet.private_subnet",
            "module.vpc.aws_vpc.private_vpc"
          ]
        }
      ]
    },
    {
      "module": "module.ansible",
      "mode": "managed",
      "type": "aws_security_group",
      "name": "secu-group-ansible",
      "provider": "provider[\"registry.terraform.io/hashicorp/aws\"]",
      "instances": [
        {
          "schema_version": 1,
          "attributes": {
            "arn": "arn:aws:ec2:ap-southeast-1:104866962497:security-group/sg-08851e7346b39ea0f",
            "description": "Ansible Linux secu group",
            "egress": [
              {
                "cidr_blocks": [
                  "0.0.0.0/0"
                ],
                "description": "",
                "from_port": 0,
                "ipv6_cidr_blocks": [],
                "prefix_list_ids": [],
                "protocol": "-1",
                "security_groups": [],
                "self": false,
                "to_port": 0
              }
            ],
            "id": "sg-08851e7346b39ea0f",
            "ingress": [
              {
                "cidr_blocks": [
                  "0.0.0.0/0"
                ],
                "description": "",
                "from_port": 22,
                "ipv6_cidr_blocks": [],
                "prefix_list_ids": [],
                "protocol": "tcp",
                "security_groups": [],
                "self": false,
                "to_port": 22
              }
            ],
            "name": "Ansible Linux",
            "name_prefix": "",
            "owner_id": "104866962497",
            "revoke_rules_on_delete": false,
            "tags": {
              "Name": "Ansible"
            },
            "tags_all": {
              "Name": "Ansible"
            },
            "timeouts": null,
            "vpc_id": "vpc-0baf4526a06996a1d"
          },
          "sensitive_attributes": [],
          "private": "eyJlMmJmYjczMC1lY2FhLTExZTYtOGY4OC0zNDM2M2JjN2M0YzAiOnsiY3JlYXRlIjo2MDAwMDAwMDAwMDAsImRlbGV0ZSI6OTAwMDAwMDAwMDAwfSwic2NoZW1hX3ZlcnNpb24iOiIxIn0=",
          "dependencies": [
            "module.vpc.aws_vpc.private_vpc"
          ]
        }
      ]
    },
    {
      "module": "module.key",
      "mode": "managed",
      "type": "aws_key_pair",
      "name": "linux_key",
      "provider": "provider[\"registry.terraform.io/hashicorp/aws\"]",
      "instances": [
        {
          "schema_version": 1,
          "attributes": {
            "arn": "arn:aws:ec2:ap-southeast-1:104866962497:key-pair/Tan-TF-Linux-key",
            "fingerprint": "ee:7f:56:62:3f:89:9b:e4:71:48:ce:dd:38:40:db:01",
            "id": "Tan-TF-Linux-key",
            "key_name": "Tan-TF-Linux-key",
            "key_name_prefix": "",
            "key_pair_id": "key-0e7a25e5a0ad3b306",
            "key_type": "rsa",
            "public_key": "ssh-rsa AAAAB3NzaC1yc2EAAAADAQABAAABAQCkv4whygdJBnQNBMOULj67E6MMdY5eVj10KJX5Aw4WfDAclDCkTdSv3KHAjTABegr+UO8wwCjsFdg83TkqrCfdCVARTgYcCbsPPKT2Hi9X/hYpJ2zBOmB11Ewl9SNg+A7p0TJYMybzP8dKYqRsJoOmVpX/BMWx9cUch2PdG1ZjNaWzxvEGRKnCd19TiMQZ5CWqs2YkqNFUkz4n2B6XCfpP1clTpavM2SZlrrdS+C0UESyJp93ZZT70440HDZwGIr6r/IRumDgB/YQuGWTRgVuPVW+ovV6Q2SEBXyux7ejuPGXTXNdqJW7yMCgqmdwjG0C2S6rP3np9foZA1y6Muo7F",
            "tags": {
              "Name": "Tan-TF-Linux-ssh-key"
            },
            "tags_all": {
              "Name": "Tan-TF-Linux-ssh-key"
            }
          },
          "sensitive_attributes": [],
          "private": "eyJzY2hlbWFfdmVyc2lvbiI6IjEifQ==",
          "dependencies": [
            "module.key.tls_private_key.tan-private-linux"
          ]
        }
      ]
    },
    {
      "module": "module.key",
      "mode": "managed",
      "type": "aws_key_pair",
      "name": "win_key",
      "provider": "provider[\"registry.terraform.io/hashicorp/aws\"]",
      "instances": [
        {
          "schema_version": 1,
          "attributes": {
            "arn": "arn:aws:ec2:ap-southeast-1:104866962497:key-pair/Tan-TF-Windows-key",
            "fingerprint": "19:4c:8a:41:3a:ac:09:de:de:b0:8e:95:66:cf:0e:fd",
            "id": "Tan-TF-Windows-key",
            "key_name": "Tan-TF-Windows-key",
            "key_name_prefix": "",
            "key_pair_id": "key-0e8c976b9e877a970",
            "key_type": "rsa",
            "public_key": "ssh-rsa AAAAB3NzaC1yc2EAAAADAQABAAABAQCzv91aMohU2LC5x3smPZthIyrZ6CC5TznCR9VsoXh7MuD+xQ5Vs5EBVF+R4+FaQuPyAo4yuoEAv67DKJ9AtWt7ASy+EYSOUkFKIE2iSdk2bSmp7XU/NFgTFYIV1TvJZZDKrJTWqkb4OXr8qnCnR4iVCdVi9bv2GkADzL4gGXa8Stbwe11i2+FgMeq5Q1txiyGlvUyX8R3u0AhNvTgO46DF8sYTsByp1GBkav94BSBZP/znXEZwqXSVT50BlZiFWtY7XTc8KsRoJwt5MCo+TJJ2vDOodCkz5aUIbn2N0vBQP5DjrO60zSBt6aogG2czOoDesTOVg6wgw9yogV2OnWEv",
            "tags": {
              "Name": "Tan-TF-Windows-ssh-key"
            },
            "tags_all": {
              "Name": "Tan-TF-Windows-ssh-key"
            }
          },
          "sensitive_attributes": [],
          "private": "eyJzY2hlbWFfdmVyc2lvbiI6IjEifQ==",
          "dependencies": [
            "module.key.tls_private_key.tan-private-win"
          ]
        }
      ]
    },
    {
      "module": "module.key",
      "mode": "managed",
      "type": "local_sensitive_file",
      "name": "Linux_ssh_key",
      "provider": "provider[\"registry.terraform.io/hashicorp/local\"]",
      "instances": [
        {
          "schema_version": 0,
          "attributes": {
            "content": "-----BEGIN RSA PRIVATE KEY-----\nMIIEpAIBAAKCAQEApL+MIcoHSQZ0DQTDlC4+uxOjDHWOXlY9dCiV+QMOFnwwHJQw\npE3Ur9yhwI0wAXoK/lDvMMAo7BXYPN05Kqwn3QlQEU4GHAm7Dzyk9h4vV/4WKSds\nwTpgddRMJfUjYPgO6dEyWDMm8z/HSmKkbCaDplaV/wTFsfXFHIdj3RtWYzWls8bx\nBkSpwndfU4jEGeQlqrNmJKjRVJM+J9gelwn6T9XJU6WrzNkmZa63UvgtFBEsiafd\n2WU+9OONBw2cBiK+q/yEbpg4Af2ELhlk0YFbj1VvqL1ekNkhAV8rse3o7jxl01zX\naiVu8jAoKpncIxtAtkuqz956fX6GQNcujLqOxQIDAQABAoIBAEvW5ZJUZ0AlmVy4\n2bOoCjaiVoeQwiYJOyby2/8SefS93IP7b9zi+0qtnUR/eh7j6JWj+kgN3Yi4kZ+L\nExriv0MQW2xr54IWtKbR+vpVcOPn0pnFTVoyHl9/iEJc85la97qJE8zoV0DZFkvW\n1uv2WtpCt6/6qWs/wSpd5QnO4NiwBzfTERCOpQAmwLMjtbWeXtsGHBZNLydDJ13M\nX3jv6B9yU05IMQ4KtS7XH6kdyj5n60Dapq9yKYyd+Lb/DuqvyQA8AT6n++IXngFD\nTXbZbkadxrbuPUH0yV8t20acUFja+S0hAv0m3ktGmZYNt97EJCWALGB1hBbJ/VWr\n0LdpPyECgYEA145u49kwgYMWEhH6JaVmebmedTVlX2hwGCw7FDA4RDyN3zIL8mrv\nfO1h8k9YHm+OYc9kcTA3YQ6ZQAhO8EBlZ3OLATzCtsg4M3yUUV4iDcXffF31bupk\nb0RTKpYZev0Sf/B/p/OOEz++tCG8bXVl5EuN1o7IA09rmm6pY6y6Ec0CgYEAw6i0\nv5Q/kICnI5N5E1LPp6Le9rfgR3uDxI1p/3PiOTuxlkWmusfVoDDKKh4C60ggprED\n1E1keKKWl2NVj7ra7rIO2N4SRgnXGZ1oEPaPOqSoltYUctW6daTrq6wjYz+z+WtE\nb7Swh+5PO3brc3os+3bdWG2R390HJpPk0ElvWNkCgYEAhEpA2gsoTsPBntNznvkU\nnC4EBtD/Zv90lBFJLMmvLomvVESlumBQnG4fh5OUdBFo47RhY2oBAsrv2LGAqMgM\ns+HgdKDyqzTT8R1K9Wj9I1DGKNCNWUX236aiF+fIuYdpfCWAYvYBwuSDSI/P0amU\nH/kSkpRMQmPSmRPDV43hIB0CgYAGvDf8oE3P253lS55PW/pp+uFR/OJrk4TlrziG\n4qZW8gca9SrYIyjnasaKzJ2tG76D/nPzSva6cF5et7yqRfRjYx2/uWVHo+8ToqeC\nbfpgOmrTRmtNyK2yfwrdzf8p23eGjnq8nau2Ai4YDe/s+beysFTORndPDXzBhzXJ\nNb3vgQKBgQCdRmK+R2S4uihHeLz/c7AXe03a/TP7q1T5Mckwzl6d9rV5Ipa6QVdK\nnn6A35xFjzE5BivYnN27bINGVAG0CzqlYC60gaqTWXhghEP2HFcsW1whGnaCjwbO\nm/lgG9hMrRuaobhW9v20X4A1zFy4IA4jumRCktKUU82hH86HxiIFBw==\n-----END RSA PRIVATE KEY-----\n",
            "content_base64": null,
            "directory_permission": "0700",
            "file_permission": "0400",
            "filename": "D://ssh-key//Tan-TF-Linux-key.pem",
            "id": "22093ea8157fd748f963f8f08f8a2787ec36f2ec",
            "source": null
          },
          "sensitive_attributes": [
            [
              {
                "type": "get_attr",
                "value": "content"
              }
            ]
          ],
          "dependencies": [
            "module.key.aws_key_pair.linux_key",
            "module.key.tls_private_key.tan-private-linux"
          ]
        }
      ]
    },
    {
      "module": "module.key",
      "mode": "managed",
      "type": "local_sensitive_file",
      "name": "Windows_ssh_key",
      "provider": "provider[\"registry.terraform.io/hashicorp/local\"]",
      "instances": [
        {
          "schema_version": 0,
          "attributes": {
            "content": "-----BEGIN RSA PRIVATE KEY-----\nMIIEowIBAAKCAQEAs7/dWjKIVNiwucd7Jj2bYSMq2egguU85wkfVbKF4ezLg/sUO\nVbORAVRfkePhWkLj8gKOMrqBAL+uwyifQLVrewEsvhGEjlJBSiBNoknZNm0pqe11\nPzRYExWCFdU7yWWQyqyU1qpG+Dl6/Kpwp0eIlQnVYvW79hpAA8y+IBl2vErW8Htd\nYtvhYDHquUNbcYshpb1Ml/Ed7tAITb04DuOgxfLGE7AcqdRgZGr/eAUgWT/851xG\ncKl0lU+dAZWYhVrWO103PCrEaCcLeTAqPkySdrwzqHQpM+WlCG59jdLwUD+Q46zu\ntM0gbemqIBtnMzqA3rEzlYOsIMPcqIFdjp1hLwIDAQABAoIBAQCl1Ia0ZhZcoKU6\nYAz/VKr6zOUFsCAwliTlVjxSQg3TKzdkFAyLiGRo45xgDeqjyT5e0Xi62FGXjUAA\nEIQLwNPt4UGUALlYTA6sAm1dIeBhVAiyGr6mlvYCdT9UQSstPKR+NwYBnYpoCy+p\n1tyjl10skqvo5miIPeN9HfDx0Ew4nQ4LDCWH7ccofjxRzVVWD+SEJFURpI9ev2sw\nV/gr/ttEtM+5TN9Y7kryUEfFlgcOyPkNrGkaocXTZ6L9YlvM2+kNJ+GniDBNZu4K\nXOGOPAWNKCOioqwrrJ49LS+O8M/sqjQCSJG/UlGBbDE+iXaZ/uqlql5NB9aBCKZX\nEpDCMrVxAoGBAMbpzWDtRIbyTBqr+4S+z2BxPCRaYn3a/7Wccy6Ao12lk5GUr5JQ\nbYU6YVbfbJvMZJeyFtMMNh9mtoOT6peNOUY1HR0rvhZzBlPonCaIqt8dPkw1GKcu\nfNFoK+Wmkep075nlsliFBypSTwD7BCKlHamSBQxDAKoyLgGtmi19uyvjAoGBAOdW\nF8sBUXplNBjcVhgbytNV0IYZ7uuqtmTVD+jvxAEGreObqgkm3ZJCcAveVxLHCG32\nHkYeCvPg1DsIuODG2Qq7RzHWMJt5LLF/AL7gNhAnwFd44sY9KQlfxPCuwvRFRgU3\nbJfLyAYqHH/tax1IQKzn1GcbV1+NSketnFJd+s9FAoGAWiAJHEek6vfRn6wY9BZ4\nY5wqwdXqFlgp0CGo1oMWghHJgQa7XjHuzZScEf59eUHsugbI7Kr1wtiJDajxe+VS\n9AqQvGzbXdSUI2Sbi6IUua7IUUMlfmpDx6XJbe5A4thEz5gRbKYpjvVoMmuJfiEO\nBYzRmLKrFHJUAhKkbsQvED0CgYA/bKs5TTM5i2WtKzuvgG8rYeu52IJYuoUnQAMM\nqi/i2CH0tUj5GV7GKtDtcBgPXeJBw6ipMLNwCcQmK04E0n/PIWlzkHXjKmXGhDuA\nGZi49S0Wzl3eXAZUO52TH1b0AcogxAFR3N0KU6FcsYscjCKvRSBG5Igf+mzTGhYx\nvvJ0wQKBgCCeQ4OsQNcyHBxKIXtymVY8ILtJSlkiiR/WTqJxwykzQKvK0zjdiCP8\nPr06c+TYvay19Ol+cBaeFe/n/Mjz7I0ppHZYPSncKnwGHk2pPBmUn51U2Y8IaVPp\nY29qNHvDSnMJlOoqiPmnL/nsT2A5zHNCu+zU9lv1oQmuiBCk/OBi\n-----END RSA PRIVATE KEY-----\n",
            "content_base64": null,
            "directory_permission": "0700",
            "file_permission": "0400",
            "filename": "D://ssh-key//Tan-TF-Windows-key.pem",
            "id": "027eb202c612ae5663d04c19f74ebe5aacf1b114",
            "source": null
          },
          "sensitive_attributes": [
            [
              {
                "type": "get_attr",
                "value": "content"
              }
            ]
          ],
          "dependencies": [
            "module.key.aws_key_pair.win_key",
            "module.key.tls_private_key.tan-private-win"
          ]
        }
      ]
    },
    {
      "module": "module.key",
      "mode": "managed",
      "type": "tls_private_key",
      "name": "tan-private-linux",
      "provider": "provider[\"registry.terraform.io/hashicorp/tls\"]",
      "instances": [
        {
          "schema_version": 1,
          "attributes": {
            "algorithm": "RSA",
            "ecdsa_curve": "P224",
            "id": "01e826bca5814dc2e9cf10c30e9076a086d3a718",
            "private_key_openssh": "-----BEGIN OPENSSH PRIVATE KEY-----\nb3BlbnNzaC1rZXktdjEAAAAABG5vbmUAAAAEbm9uZQAAAAAAAAABAAABFwAAAAdz\nc2gtcnNhAAAAAwEAAQAAAQEApL+MIcoHSQZ0DQTDlC4+uxOjDHWOXlY9dCiV+QMO\nFnwwHJQwpE3Ur9yhwI0wAXoK/lDvMMAo7BXYPN05Kqwn3QlQEU4GHAm7Dzyk9h4v\nV/4WKSdswTpgddRMJfUjYPgO6dEyWDMm8z/HSmKkbCaDplaV/wTFsfXFHIdj3RtW\nYzWls8bxBkSpwndfU4jEGeQlqrNmJKjRVJM+J9gelwn6T9XJU6WrzNkmZa63Uvgt\nFBEsiafd2WU+9OONBw2cBiK+q/yEbpg4Af2ELhlk0YFbj1VvqL1ekNkhAV8rse3o\n7jxl01zXaiVu8jAoKpncIxtAtkuqz956fX6GQNcujLqOxQAAA7hYOY7mWDmO5gAA\nAAdzc2gtcnNhAAABAQCkv4whygdJBnQNBMOULj67E6MMdY5eVj10KJX5Aw4WfDAc\nlDCkTdSv3KHAjTABegr+UO8wwCjsFdg83TkqrCfdCVARTgYcCbsPPKT2Hi9X/hYp\nJ2zBOmB11Ewl9SNg+A7p0TJYMybzP8dKYqRsJoOmVpX/BMWx9cUch2PdG1ZjNaWz\nxvEGRKnCd19TiMQZ5CWqs2YkqNFUkz4n2B6XCfpP1clTpavM2SZlrrdS+C0UESyJ\np93ZZT70440HDZwGIr6r/IRumDgB/YQuGWTRgVuPVW+ovV6Q2SEBXyux7ejuPGXT\nXNdqJW7yMCgqmdwjG0C2S6rP3np9foZA1y6Muo7FAAAAAwEAAQAAAQBL1uWSVGdA\nJZlcuNmzqAo2olaHkMImCTsm8tv/Enn0vdyD+2/c4vtKrZ1Ef3oe4+iVo/pIDd2I\nuJGfixMa4r9DEFtsa+eCFrSm0fr6VXDj59KZxU1aMh5ff4hCXPOZWve6iRPM6FdA\n2RZL1tbr9lraQrev+qlrP8EqXeUJzuDYsAc30xEQjqUAJsCzI7W1nl7bBhwWTS8n\nQyddzF947+gfclNOSDEOCrUu1x+pHco+Z+tA2qavcimMnfi2/w7qr8kAPAE+p/vi\nF54BQ0122W5Gnca27j1B9MlfLdtGnFBY2vktIQL9Jt5LRpmWDbfexCQlgCxgdYQW\nyf1Vq9C3aT8hAAAAgQCdRmK+R2S4uihHeLz/c7AXe03a/TP7q1T5Mckwzl6d9rV5\nIpa6QVdKnn6A35xFjzE5BivYnN27bINGVAG0CzqlYC60gaqTWXhghEP2HFcsW1wh\nGnaCjwbOm/lgG9hMrRuaobhW9v20X4A1zFy4IA4jumRCktKUU82hH86HxiIFBwAA\nAIEA145u49kwgYMWEhH6JaVmebmedTVlX2hwGCw7FDA4RDyN3zIL8mrvfO1h8k9Y\nHm+OYc9kcTA3YQ6ZQAhO8EBlZ3OLATzCtsg4M3yUUV4iDcXffF31bupkb0RTKpYZ\nev0Sf/B/p/OOEz++tCG8bXVl5EuN1o7IA09rmm6pY6y6Ec0AAACBAMOotL+UP5CA\npyOTeRNSz6ei3va34Ed7g8SNaf9z4jk7sZZFprrH1aAwyioeAutIIKaxA9RNZHii\nlpdjVY+62u6yDtjeEkYJ1xmdaBD2jzqkqJbWFHLVunWk66usI2M/s/lrRG+0sIfu\nTzt263N6LPt23Vhtkd/dByaT5NBJb1jZAAAAAAEC\n-----END OPENSSH PRIVATE KEY-----\n",
            "private_key_pem": "-----BEGIN RSA PRIVATE KEY-----\nMIIEpAIBAAKCAQEApL+MIcoHSQZ0DQTDlC4+uxOjDHWOXlY9dCiV+QMOFnwwHJQw\npE3Ur9yhwI0wAXoK/lDvMMAo7BXYPN05Kqwn3QlQEU4GHAm7Dzyk9h4vV/4WKSds\nwTpgddRMJfUjYPgO6dEyWDMm8z/HSmKkbCaDplaV/wTFsfXFHIdj3RtWYzWls8bx\nBkSpwndfU4jEGeQlqrNmJKjRVJM+J9gelwn6T9XJU6WrzNkmZa63UvgtFBEsiafd\n2WU+9OONBw2cBiK+q/yEbpg4Af2ELhlk0YFbj1VvqL1ekNkhAV8rse3o7jxl01zX\naiVu8jAoKpncIxtAtkuqz956fX6GQNcujLqOxQIDAQABAoIBAEvW5ZJUZ0AlmVy4\n2bOoCjaiVoeQwiYJOyby2/8SefS93IP7b9zi+0qtnUR/eh7j6JWj+kgN3Yi4kZ+L\nExriv0MQW2xr54IWtKbR+vpVcOPn0pnFTVoyHl9/iEJc85la97qJE8zoV0DZFkvW\n1uv2WtpCt6/6qWs/wSpd5QnO4NiwBzfTERCOpQAmwLMjtbWeXtsGHBZNLydDJ13M\nX3jv6B9yU05IMQ4KtS7XH6kdyj5n60Dapq9yKYyd+Lb/DuqvyQA8AT6n++IXngFD\nTXbZbkadxrbuPUH0yV8t20acUFja+S0hAv0m3ktGmZYNt97EJCWALGB1hBbJ/VWr\n0LdpPyECgYEA145u49kwgYMWEhH6JaVmebmedTVlX2hwGCw7FDA4RDyN3zIL8mrv\nfO1h8k9YHm+OYc9kcTA3YQ6ZQAhO8EBlZ3OLATzCtsg4M3yUUV4iDcXffF31bupk\nb0RTKpYZev0Sf/B/p/OOEz++tCG8bXVl5EuN1o7IA09rmm6pY6y6Ec0CgYEAw6i0\nv5Q/kICnI5N5E1LPp6Le9rfgR3uDxI1p/3PiOTuxlkWmusfVoDDKKh4C60ggprED\n1E1keKKWl2NVj7ra7rIO2N4SRgnXGZ1oEPaPOqSoltYUctW6daTrq6wjYz+z+WtE\nb7Swh+5PO3brc3os+3bdWG2R390HJpPk0ElvWNkCgYEAhEpA2gsoTsPBntNznvkU\nnC4EBtD/Zv90lBFJLMmvLomvVESlumBQnG4fh5OUdBFo47RhY2oBAsrv2LGAqMgM\ns+HgdKDyqzTT8R1K9Wj9I1DGKNCNWUX236aiF+fIuYdpfCWAYvYBwuSDSI/P0amU\nH/kSkpRMQmPSmRPDV43hIB0CgYAGvDf8oE3P253lS55PW/pp+uFR/OJrk4TlrziG\n4qZW8gca9SrYIyjnasaKzJ2tG76D/nPzSva6cF5et7yqRfRjYx2/uWVHo+8ToqeC\nbfpgOmrTRmtNyK2yfwrdzf8p23eGjnq8nau2Ai4YDe/s+beysFTORndPDXzBhzXJ\nNb3vgQKBgQCdRmK+R2S4uihHeLz/c7AXe03a/TP7q1T5Mckwzl6d9rV5Ipa6QVdK\nnn6A35xFjzE5BivYnN27bINGVAG0CzqlYC60gaqTWXhghEP2HFcsW1whGnaCjwbO\nm/lgG9hMrRuaobhW9v20X4A1zFy4IA4jumRCktKUU82hH86HxiIFBw==\n-----END RSA PRIVATE KEY-----\n",
            "private_key_pem_pkcs8": "-----BEGIN PRIVATE KEY-----\nMIIEvgIBADANBgkqhkiG9w0BAQEFAASCBKgwggSkAgEAAoIBAQCkv4whygdJBnQN\nBMOULj67E6MMdY5eVj10KJX5Aw4WfDAclDCkTdSv3KHAjTABegr+UO8wwCjsFdg8\n3TkqrCfdCVARTgYcCbsPPKT2Hi9X/hYpJ2zBOmB11Ewl9SNg+A7p0TJYMybzP8dK\nYqRsJoOmVpX/BMWx9cUch2PdG1ZjNaWzxvEGRKnCd19TiMQZ5CWqs2YkqNFUkz4n\n2B6XCfpP1clTpavM2SZlrrdS+C0UESyJp93ZZT70440HDZwGIr6r/IRumDgB/YQu\nGWTRgVuPVW+ovV6Q2SEBXyux7ejuPGXTXNdqJW7yMCgqmdwjG0C2S6rP3np9foZA\n1y6Muo7FAgMBAAECggEAS9blklRnQCWZXLjZs6gKNqJWh5DCJgk7JvLb/xJ59L3c\ng/tv3OL7Sq2dRH96HuPolaP6SA3diLiRn4sTGuK/QxBbbGvngha0ptH6+lVw4+fS\nmcVNWjIeX3+IQlzzmVr3uokTzOhXQNkWS9bW6/Za2kK3r/qpaz/BKl3lCc7g2LAH\nN9MREI6lACbAsyO1tZ5e2wYcFk0vJ0MnXcxfeO/oH3JTTkgxDgq1LtcfqR3KPmfr\nQNqmr3IpjJ34tv8O6q/JADwBPqf74heeAUNNdtluRp3Gtu49QfTJXy3bRpxQWNr5\nLSEC/SbeS0aZlg233sQkJYAsYHWEFsn9VavQt2k/IQKBgQDXjm7j2TCBgxYSEfol\npWZ5uZ51NWVfaHAYLDsUMDhEPI3fMgvyau987WHyT1geb45hz2RxMDdhDplACE7w\nQGVnc4sBPMK2yDgzfJRRXiINxd98XfVu6mRvRFMqlhl6/RJ/8H+n844TP760Ibxt\ndWXkS43WjsgDT2uabqljrLoRzQKBgQDDqLS/lD+QgKcjk3kTUs+not72t+BHe4PE\njWn/c+I5O7GWRaa6x9WgMMoqHgLrSCCmsQPUTWR4opaXY1WPutrusg7Y3hJGCdcZ\nnWgQ9o86pKiW1hRy1bp1pOurrCNjP7P5a0RvtLCH7k87dutzeiz7dt1YbZHf3Qcm\nk+TQSW9Y2QKBgQCESkDaCyhOw8Ge03Oe+RScLgQG0P9m/3SUEUksya8uia9URKW6\nYFCcbh+Hk5R0EWjjtGFjagECyu/YsYCoyAyz4eB0oPKrNNPxHUr1aP0jUMYo0I1Z\nRfbfpqIX58i5h2l8JYBi9gHC5INIj8/RqZQf+RKSlExCY9KZE8NXjeEgHQKBgAa8\nN/ygTc/bneVLnk9b+mn64VH84muThOWvOIbiplbyBxr1KtgjKOdqxorMna0bvoP+\nc/NK9rpwXl63vKpF9GNjHb+5ZUej7xOip4Jt+mA6atNGa03IrbJ/Ct3N/ynbd4aO\nerydq7YCLhgN7+z5t7KwVM5Gd08NfMGHNck1ve+BAoGBAJ1GYr5HZLi6KEd4vP9z\nsBd7Tdr9M/urVPkxyTDOXp32tXkilrpBV0qefoDfnEWPMTkGK9ic3btsg0ZUAbQL\nOqVgLrSBqpNZeGCEQ/YcVyxbXCEadoKPBs6b+WAb2EytG5qhuFb2/bRfgDXMXLgg\nDiO6ZEKS0pRTzaEfzofGIgUH\n-----END PRIVATE KEY-----\n",
            "public_key_fingerprint_md5": "b0:64:9c:96:a7:50:99:89:88:7d:92:33:8b:70:7a:bf",
            "public_key_fingerprint_sha256": "SHA256:bxAxJRmpDla57KrtJ/J5dMn7fEW9s9hNlTLj7vpPSk4",
            "public_key_openssh": "ssh-rsa AAAAB3NzaC1yc2EAAAADAQABAAABAQCkv4whygdJBnQNBMOULj67E6MMdY5eVj10KJX5Aw4WfDAclDCkTdSv3KHAjTABegr+UO8wwCjsFdg83TkqrCfdCVARTgYcCbsPPKT2Hi9X/hYpJ2zBOmB11Ewl9SNg+A7p0TJYMybzP8dKYqRsJoOmVpX/BMWx9cUch2PdG1ZjNaWzxvEGRKnCd19TiMQZ5CWqs2YkqNFUkz4n2B6XCfpP1clTpavM2SZlrrdS+C0UESyJp93ZZT70440HDZwGIr6r/IRumDgB/YQuGWTRgVuPVW+ovV6Q2SEBXyux7ejuPGXTXNdqJW7yMCgqmdwjG0C2S6rP3np9foZA1y6Muo7F\n",
            "public_key_pem": "-----BEGIN PUBLIC KEY-----\nMIIBIjANBgkqhkiG9w0BAQEFAAOCAQ8AMIIBCgKCAQEApL+MIcoHSQZ0DQTDlC4+\nuxOjDHWOXlY9dCiV+QMOFnwwHJQwpE3Ur9yhwI0wAXoK/lDvMMAo7BXYPN05Kqwn\n3QlQEU4GHAm7Dzyk9h4vV/4WKSdswTpgddRMJfUjYPgO6dEyWDMm8z/HSmKkbCaD\nplaV/wTFsfXFHIdj3RtWYzWls8bxBkSpwndfU4jEGeQlqrNmJKjRVJM+J9gelwn6\nT9XJU6WrzNkmZa63UvgtFBEsiafd2WU+9OONBw2cBiK+q/yEbpg4Af2ELhlk0YFb\nj1VvqL1ekNkhAV8rse3o7jxl01zXaiVu8jAoKpncIxtAtkuqz956fX6GQNcujLqO\nxQIDAQAB\n-----END PUBLIC KEY-----\n",
            "rsa_bits": 2048
          },
          "sensitive_attributes": []
        }
      ]
    },
    {
      "module": "module.key",
      "mode": "managed",
      "type": "tls_private_key",
      "name": "tan-private-win",
      "provider": "provider[\"registry.terraform.io/hashicorp/tls\"]",
      "instances": [
        {
          "schema_version": 1,
          "attributes": {
            "algorithm": "RSA",
            "ecdsa_curve": "P224",
            "id": "c172126fa2c7979c2a390b8437b4c469d4e45751",
            "private_key_openssh": "-----BEGIN OPENSSH PRIVATE KEY-----\nb3BlbnNzaC1rZXktdjEAAAAABG5vbmUAAAAEbm9uZQAAAAAAAAABAAABFwAAAAdz\nc2gtcnNhAAAAAwEAAQAAAQEAs7/dWjKIVNiwucd7Jj2bYSMq2egguU85wkfVbKF4\nezLg/sUOVbORAVRfkePhWkLj8gKOMrqBAL+uwyifQLVrewEsvhGEjlJBSiBNoknZ\nNm0pqe11PzRYExWCFdU7yWWQyqyU1qpG+Dl6/Kpwp0eIlQnVYvW79hpAA8y+IBl2\nvErW8HtdYtvhYDHquUNbcYshpb1Ml/Ed7tAITb04DuOgxfLGE7AcqdRgZGr/eAUg\nWT/851xGcKl0lU+dAZWYhVrWO103PCrEaCcLeTAqPkySdrwzqHQpM+WlCG59jdLw\nUD+Q46zutM0gbemqIBtnMzqA3rEzlYOsIMPcqIFdjp1hLwAAA7hQM0T3UDNE9wAA\nAAdzc2gtcnNhAAABAQCzv91aMohU2LC5x3smPZthIyrZ6CC5TznCR9VsoXh7MuD+\nxQ5Vs5EBVF+R4+FaQuPyAo4yuoEAv67DKJ9AtWt7ASy+EYSOUkFKIE2iSdk2bSmp\n7XU/NFgTFYIV1TvJZZDKrJTWqkb4OXr8qnCnR4iVCdVi9bv2GkADzL4gGXa8Stbw\ne11i2+FgMeq5Q1txiyGlvUyX8R3u0AhNvTgO46DF8sYTsByp1GBkav94BSBZP/zn\nXEZwqXSVT50BlZiFWtY7XTc8KsRoJwt5MCo+TJJ2vDOodCkz5aUIbn2N0vBQP5Dj\nrO60zSBt6aogG2czOoDesTOVg6wgw9yogV2OnWEvAAAAAwEAAQAAAQEApdSGtGYW\nXKClOmAM/1Sq+szlBbAgMJYk5VY8UkIN0ys3ZBQMi4hkaOOcYA3qo8k+XtF4uthR\nl41AABCEC8DT7eFBlAC5WEwOrAJtXSHgYVQIshq+ppb2AnU/VEErLTykfjcGAZ2K\naAsvqdbco5ddLJKr6OZoiD3jfR3w8dBMOJ0OCwwlh+3HKH48Uc1VVg/khCRVEaSP\nXr9rMFf4K/7bRLTPuUzfWO5K8lBHxZYHDsj5DaxpGqHF02ei/WJbzNvpDSfhp4gw\nTWbuClzhjjwFjSgjoqKsK6yePS0vjvDP7Ko0AkiRv1JRgWwxPol2mf7qpapeTQfW\ngQimVxKQwjK1cQAAAIAgnkODrEDXMhwcSiF7cplWPCC7SUpZIokf1k6iccMpM0Cr\nytM43Ygj/D69OnPk2L2stfTpfnAWnhXv5/zI8+yNKaR2WD0p3Cp8Bh5NqTwZlJ+d\nVNmPCGlT6WNvajR7w0pzCZTqKoj5py/57E9gOcxzQrvs1PZb9aEJrogQpPzgYgAA\nAIEAxunNYO1EhvJMGqv7hL7PYHE8JFpifdr/tZxzLoCjXaWTkZSvklBthTphVt9s\nm8xkl7IW0ww2H2a2g5Pql405RjUdHSu+FnMGU+icJoiq3x0+TDUYpy580Wgr5aaR\n6nTvmeWyWIUHKlJPAPsEIqUdqZIFDEMAqjIuAa2aLX27K+MAAACBAOdWF8sBUXpl\nNBjcVhgbytNV0IYZ7uuqtmTVD+jvxAEGreObqgkm3ZJCcAveVxLHCG32HkYeCvPg\n1DsIuODG2Qq7RzHWMJt5LLF/AL7gNhAnwFd44sY9KQlfxPCuwvRFRgU3bJfLyAYq\nHH/tax1IQKzn1GcbV1+NSketnFJd+s9FAAAAAAEC\n-----END OPENSSH PRIVATE KEY-----\n",
            "private_key_pem": "-----BEGIN RSA PRIVATE KEY-----\nMIIEowIBAAKCAQEAs7/dWjKIVNiwucd7Jj2bYSMq2egguU85wkfVbKF4ezLg/sUO\nVbORAVRfkePhWkLj8gKOMrqBAL+uwyifQLVrewEsvhGEjlJBSiBNoknZNm0pqe11\nPzRYExWCFdU7yWWQyqyU1qpG+Dl6/Kpwp0eIlQnVYvW79hpAA8y+IBl2vErW8Htd\nYtvhYDHquUNbcYshpb1Ml/Ed7tAITb04DuOgxfLGE7AcqdRgZGr/eAUgWT/851xG\ncKl0lU+dAZWYhVrWO103PCrEaCcLeTAqPkySdrwzqHQpM+WlCG59jdLwUD+Q46zu\ntM0gbemqIBtnMzqA3rEzlYOsIMPcqIFdjp1hLwIDAQABAoIBAQCl1Ia0ZhZcoKU6\nYAz/VKr6zOUFsCAwliTlVjxSQg3TKzdkFAyLiGRo45xgDeqjyT5e0Xi62FGXjUAA\nEIQLwNPt4UGUALlYTA6sAm1dIeBhVAiyGr6mlvYCdT9UQSstPKR+NwYBnYpoCy+p\n1tyjl10skqvo5miIPeN9HfDx0Ew4nQ4LDCWH7ccofjxRzVVWD+SEJFURpI9ev2sw\nV/gr/ttEtM+5TN9Y7kryUEfFlgcOyPkNrGkaocXTZ6L9YlvM2+kNJ+GniDBNZu4K\nXOGOPAWNKCOioqwrrJ49LS+O8M/sqjQCSJG/UlGBbDE+iXaZ/uqlql5NB9aBCKZX\nEpDCMrVxAoGBAMbpzWDtRIbyTBqr+4S+z2BxPCRaYn3a/7Wccy6Ao12lk5GUr5JQ\nbYU6YVbfbJvMZJeyFtMMNh9mtoOT6peNOUY1HR0rvhZzBlPonCaIqt8dPkw1GKcu\nfNFoK+Wmkep075nlsliFBypSTwD7BCKlHamSBQxDAKoyLgGtmi19uyvjAoGBAOdW\nF8sBUXplNBjcVhgbytNV0IYZ7uuqtmTVD+jvxAEGreObqgkm3ZJCcAveVxLHCG32\nHkYeCvPg1DsIuODG2Qq7RzHWMJt5LLF/AL7gNhAnwFd44sY9KQlfxPCuwvRFRgU3\nbJfLyAYqHH/tax1IQKzn1GcbV1+NSketnFJd+s9FAoGAWiAJHEek6vfRn6wY9BZ4\nY5wqwdXqFlgp0CGo1oMWghHJgQa7XjHuzZScEf59eUHsugbI7Kr1wtiJDajxe+VS\n9AqQvGzbXdSUI2Sbi6IUua7IUUMlfmpDx6XJbe5A4thEz5gRbKYpjvVoMmuJfiEO\nBYzRmLKrFHJUAhKkbsQvED0CgYA/bKs5TTM5i2WtKzuvgG8rYeu52IJYuoUnQAMM\nqi/i2CH0tUj5GV7GKtDtcBgPXeJBw6ipMLNwCcQmK04E0n/PIWlzkHXjKmXGhDuA\nGZi49S0Wzl3eXAZUO52TH1b0AcogxAFR3N0KU6FcsYscjCKvRSBG5Igf+mzTGhYx\nvvJ0wQKBgCCeQ4OsQNcyHBxKIXtymVY8ILtJSlkiiR/WTqJxwykzQKvK0zjdiCP8\nPr06c+TYvay19Ol+cBaeFe/n/Mjz7I0ppHZYPSncKnwGHk2pPBmUn51U2Y8IaVPp\nY29qNHvDSnMJlOoqiPmnL/nsT2A5zHNCu+zU9lv1oQmuiBCk/OBi\n-----END RSA PRIVATE KEY-----\n",
            "private_key_pem_pkcs8": "-----BEGIN PRIVATE KEY-----\nMIIEvQIBADANBgkqhkiG9w0BAQEFAASCBKcwggSjAgEAAoIBAQCzv91aMohU2LC5\nx3smPZthIyrZ6CC5TznCR9VsoXh7MuD+xQ5Vs5EBVF+R4+FaQuPyAo4yuoEAv67D\nKJ9AtWt7ASy+EYSOUkFKIE2iSdk2bSmp7XU/NFgTFYIV1TvJZZDKrJTWqkb4OXr8\nqnCnR4iVCdVi9bv2GkADzL4gGXa8Stbwe11i2+FgMeq5Q1txiyGlvUyX8R3u0AhN\nvTgO46DF8sYTsByp1GBkav94BSBZP/znXEZwqXSVT50BlZiFWtY7XTc8KsRoJwt5\nMCo+TJJ2vDOodCkz5aUIbn2N0vBQP5DjrO60zSBt6aogG2czOoDesTOVg6wgw9yo\ngV2OnWEvAgMBAAECggEBAKXUhrRmFlygpTpgDP9UqvrM5QWwIDCWJOVWPFJCDdMr\nN2QUDIuIZGjjnGAN6qPJPl7ReLrYUZeNQAAQhAvA0+3hQZQAuVhMDqwCbV0h4GFU\nCLIavqaW9gJ1P1RBKy08pH43BgGdimgLL6nW3KOXXSySq+jmaIg9430d8PHQTDid\nDgsMJYftxyh+PFHNVVYP5IQkVRGkj16/azBX+Cv+20S0z7lM31juSvJQR8WWBw7I\n+Q2saRqhxdNnov1iW8zb6Q0n4aeIME1m7gpc4Y48BY0oI6KirCusnj0tL47wz+yq\nNAJIkb9SUYFsMT6Jdpn+6qWqXk0H1oEIplcSkMIytXECgYEAxunNYO1EhvJMGqv7\nhL7PYHE8JFpifdr/tZxzLoCjXaWTkZSvklBthTphVt9sm8xkl7IW0ww2H2a2g5Pq\nl405RjUdHSu+FnMGU+icJoiq3x0+TDUYpy580Wgr5aaR6nTvmeWyWIUHKlJPAPsE\nIqUdqZIFDEMAqjIuAa2aLX27K+MCgYEA51YXywFRemU0GNxWGBvK01XQhhnu66q2\nZNUP6O/EAQat45uqCSbdkkJwC95XEscIbfYeRh4K8+DUOwi44MbZCrtHMdYwm3ks\nsX8AvuA2ECfAV3jixj0pCV/E8K7C9EVGBTdsl8vIBiocf+1rHUhArOfUZxtXX41K\nR62cUl36z0UCgYBaIAkcR6Tq99GfrBj0FnhjnCrB1eoWWCnQIajWgxaCEcmBBrte\nMe7NlJwR/n15Qey6BsjsqvXC2IkNqPF75VL0CpC8bNtd1JQjZJuLohS5rshRQyV+\nakPHpclt7kDi2ETPmBFspimO9Wgya4l+IQ4FjNGYsqsUclQCEqRuxC8QPQKBgD9s\nqzlNMzmLZa0rO6+Abyth67nYgli6hSdAAwyqL+LYIfS1SPkZXsYq0O1wGA9d4kHD\nqKkws3AJxCYrTgTSf88haXOQdeMqZcaEO4AZmLj1LRbOXd5cBlQ7nZMfVvQByiDE\nAVHc3QpToVyxixyMIq9FIEbkiB/6bNMaFjG+8nTBAoGAIJ5Dg6xA1zIcHEohe3KZ\nVjwgu0lKWSKJH9ZOonHDKTNAq8rTON2II/w+vTpz5Ni9rLX06X5wFp4V7+f8yPPs\njSmkdlg9KdwqfAYeTak8GZSfnVTZjwhpU+ljb2o0e8NKcwmU6iqI+acv+exPYDnM\nc0K77NT2W/WhCa6IEKT84GI=\n-----END PRIVATE KEY-----\n",
            "public_key_fingerprint_md5": "5e:53:df:db:ab:ed:d0:46:38:7f:d5:4d:23:ca:6a:56",
            "public_key_fingerprint_sha256": "SHA256:t18cOOkLAWFeLLBrfY4D3eCOz495A5OaVgDvEU7xh0Q",
            "public_key_openssh": "ssh-rsa AAAAB3NzaC1yc2EAAAADAQABAAABAQCzv91aMohU2LC5x3smPZthIyrZ6CC5TznCR9VsoXh7MuD+xQ5Vs5EBVF+R4+FaQuPyAo4yuoEAv67DKJ9AtWt7ASy+EYSOUkFKIE2iSdk2bSmp7XU/NFgTFYIV1TvJZZDKrJTWqkb4OXr8qnCnR4iVCdVi9bv2GkADzL4gGXa8Stbwe11i2+FgMeq5Q1txiyGlvUyX8R3u0AhNvTgO46DF8sYTsByp1GBkav94BSBZP/znXEZwqXSVT50BlZiFWtY7XTc8KsRoJwt5MCo+TJJ2vDOodCkz5aUIbn2N0vBQP5DjrO60zSBt6aogG2czOoDesTOVg6wgw9yogV2OnWEv\n",
            "public_key_pem": "-----BEGIN PUBLIC KEY-----\nMIIBIjANBgkqhkiG9w0BAQEFAAOCAQ8AMIIBCgKCAQEAs7/dWjKIVNiwucd7Jj2b\nYSMq2egguU85wkfVbKF4ezLg/sUOVbORAVRfkePhWkLj8gKOMrqBAL+uwyifQLVr\newEsvhGEjlJBSiBNoknZNm0pqe11PzRYExWCFdU7yWWQyqyU1qpG+Dl6/Kpwp0eI\nlQnVYvW79hpAA8y+IBl2vErW8HtdYtvhYDHquUNbcYshpb1Ml/Ed7tAITb04DuOg\nxfLGE7AcqdRgZGr/eAUgWT/851xGcKl0lU+dAZWYhVrWO103PCrEaCcLeTAqPkyS\ndrwzqHQpM+WlCG59jdLwUD+Q46zutM0gbemqIBtnMzqA3rEzlYOsIMPcqIFdjp1h\nLwIDAQAB\n-----END PUBLIC KEY-----\n",
            "rsa_bits": 2048
          },
          "sensitive_attributes": []
        }
      ]
    },
    {
      "module": "module.newrelic",
      "mode": "data",
      "type": "aws_ssm_parameter",
      "name": "password",
      "provider": "provider[\"registry.terraform.io/hashicorp/aws\"]",
      "instances": [
        {
          "schema_version": 0,
          "attributes": {
            "arn": "arn:aws:ssm:ap-southeast-1:104866962497:parameter/password",
            "id": "password",
            "name": "password",
            "type": "String",
            "value": "YIzgMlp5/Il43KcA1QYOAeClO4czhfivN4IPDyeE",
            "version": 1,
            "with_decryption": true
          },
          "sensitive_attributes": []
        }
      ]
    },
    {
      "module": "module.newrelic",
      "mode": "data",
      "type": "aws_ssm_parameter",
      "name": "username",
      "provider": "provider[\"registry.terraform.io/hashicorp/aws\"]",
      "instances": [
        {
          "schema_version": 0,
          "attributes": {
            "arn": "arn:aws:ssm:ap-southeast-1:104866962497:parameter/username",
            "id": "username",
            "name": "username",
            "type": "String",
            "value": "AKIARQ2UO3RA47TK6LDI",
            "version": 1,
            "with_decryption": true
          },
          "sensitive_attributes": []
        }
      ]
    },
    {
      "module": "module.newrelic",
      "mode": "data",
      "type": "aws_ssm_parameter",
      "name": "win-pass",
      "provider": "provider[\"registry.terraform.io/hashicorp/aws\"]",
      "instances": [
        {
          "schema_version": 0,
          "attributes": {
            "arn": "arn:aws:ssm:ap-southeast-1:104866962497:parameter/win-pass",
            "id": "win-pass",
            "name": "win-pass",
            "type": "String",
            "value": "P@ssword01",
            "version": 1,
            "with_decryption": true
          },
          "sensitive_attributes": []
        }
      ]
    },
    {
      "module": "module.newrelic",
      "mode": "data",
      "type": "template_file",
      "name": "windows-userdata",
      "provider": "provider[\"registry.terraform.io/hashicorp/template\"]",
      "instances": [
        {
          "schema_version": 0,
          "attributes": {
            "filename": null,
            "id": "8023c46dc57cf3183df975deb607f6c8e8521da87a3841728e957c04e787c69f",
            "rendered": "\u003cpowershell\u003e\r\n# Rename Machine\r\n# Rename-Computer -NewName \"newrelic-win01\" -Force;\r\n\r\n# Enable PowerShell Remoting\r\nEnable-PSRemoting -SkipNetworkProfileCheck -Force;\r\n\r\n# Restart machine\r\n# shutdown -r -t 5;\r\n\r\nNew-LocalUser -Name \"localadmin\" -Password (ConvertTo-SecureString -AsPlainText \"P@ssword01\" -Force);\r\nAdd-LocalGroupMember -Group \"Administrators\" -Member \"localadmin\";\r\n\r\nwinrm set winrm/config/service/auth '@{Basic=\"true\"}';\r\nwinrm set winrm/config/service '@{AllowUnencrypted=\"true\"}';\r\n\r\n\u003c/powershell\u003e\r\n",
            "template": "\u003cpowershell\u003e\r\n# Rename Machine\r\n# Rename-Computer -NewName \"newrelic-win01\" -Force;\r\n\r\n# Enable PowerShell Remoting\r\nEnable-PSRemoting -SkipNetworkProfileCheck -Force;\r\n\r\n# Restart machine\r\n# shutdown -r -t 5;\r\n\r\nNew-LocalUser -Name \"localadmin\" -Password (ConvertTo-SecureString -AsPlainText \"P@ssword01\" -Force);\r\nAdd-LocalGroupMember -Group \"Administrators\" -Member \"localadmin\";\r\n\r\nwinrm set winrm/config/service/auth '@{Basic=\"true\"}';\r\nwinrm set winrm/config/service '@{AllowUnencrypted=\"true\"}';\r\n\r\n\u003c/powershell\u003e\r\n",
            "vars": null
          },
          "sensitive_attributes": [
            [
              {
                "type": "get_attr",
                "value": "template"
              }
            ]
          ]
        }
      ]
    },
    {
      "module": "module.newrelic",
      "mode": "managed",
      "type": "aws_instance",
      "name": "li",
      "provider": "provider[\"registry.terraform.io/hashicorp/aws\"]",
      "instances": [
        {
          "schema_version": 1,
          "attributes": {
            "ami": "ami-0f2eac25772cd4e36",
            "arn": "arn:aws:ec2:ap-southeast-1:104866962497:instance/i-030ad0a4343a1b2c0",
            "associate_public_ip_address": true,
            "availability_zone": "ap-southeast-1a",
            "capacity_reservation_specification": [
              {
                "capacity_reservation_preference": "open",
                "capacity_reservation_target": []
              }
            ],
            "cpu_core_count": 1,
            "cpu_threads_per_core": 1,
            "credit_specification": [
              {
                "cpu_credits": "standard"
              }
            ],
            "disable_api_stop": false,
            "disable_api_termination": false,
            "ebs_block_device": [],
            "ebs_optimized": false,
            "enclave_options": [
              {
                "enabled": false
              }
            ],
            "ephemeral_block_device": [],
            "get_password_data": false,
            "hibernation": false,
            "host_id": "",
            "host_resource_group_arn": null,
            "iam_instance_profile": "",
            "id": "i-030ad0a4343a1b2c0",
            "instance_initiated_shutdown_behavior": "stop",
            "instance_state": "running",
            "instance_type": "t2.micro",
            "ipv6_address_count": 0,
            "ipv6_addresses": [],
            "key_name": "Tan-TF-Linux-key",
            "launch_template": [],
            "maintenance_options": [
              {
                "auto_recovery": "default"
              }
            ],
            "metadata_options": [
              {
                "http_endpoint": "enabled",
                "http_put_response_hop_limit": 1,
                "http_tokens": "optional",
                "instance_metadata_tags": "disabled"
              }
            ],
            "monitoring": false,
            "network_interface": [],
            "outpost_arn": "",
            "password_data": "",
            "placement_group": "",
            "placement_partition_number": 0,
            "primary_network_interface_id": "eni-026032004462f3e66",
            "private_dns": "ip-172-16-1-239.ap-southeast-1.compute.internal",
            "private_dns_name_options": [
              {
                "enable_resource_name_dns_a_record": false,
                "enable_resource_name_dns_aaaa_record": false,
                "hostname_type": "ip-name"
              }
            ],
            "private_ip": "172.16.1.239",
            "public_dns": "",
            "public_ip": "54.179.35.119",
            "root_block_device": [
              {
                "delete_on_termination": true,
                "device_name": "/dev/xvda",
                "encrypted": false,
                "iops": 100,
                "kms_key_id": "",
                "tags": {},
                "throughput": 0,
                "volume_id": "vol-04db699cd4a684a77",
                "volume_size": 8,
                "volume_type": "gp2"
              }
            ],
            "secondary_private_ips": [],
            "security_groups": [
              "sg-0caf68144c05685b1"
            ],
            "source_dest_check": false,
            "subnet_id": "subnet-077f58733a4d50cb6",
            "tags": {
              "Name": "linux-newrelic"
            },
            "tags_all": {
              "Name": "linux-newrelic"
            },
            "tenancy": "default",
            "timeouts": null,
            "user_data": null,
            "user_data_base64": null,
            "user_data_replace_on_change": false,
            "volume_tags": null,
            "vpc_security_group_ids": [
              "sg-0caf68144c05685b1"
            ]
          },
          "sensitive_attributes": [],
          "private": "eyJlMmJmYjczMC1lY2FhLTExZTYtOGY4OC0zNDM2M2JjN2M0YzAiOnsiY3JlYXRlIjo2MDAwMDAwMDAwMDAsImRlbGV0ZSI6MTIwMDAwMDAwMDAwMCwidXBkYXRlIjo2MDAwMDAwMDAwMDB9LCJzY2hlbWFfdmVyc2lvbiI6IjEifQ==",
          "dependencies": [
            "module.key.tls_private_key.tan-private-linux",
            "module.newrelic.aws_security_group.secu-group-test2",
            "module.vpc.aws_subnet.private_subnet",
            "module.vpc.aws_vpc.private_vpc"
          ]
        }
      ]
    },
    {
      "module": "module.newrelic",
      "mode": "managed",
      "type": "aws_instance",
      "name": "win",
      "provider": "provider[\"registry.terraform.io/hashicorp/aws\"]",
      "instances": [
        {
          "schema_version": 1,
          "attributes": {
            "ami": "ami-0bc64185df5784cc3",
            "arn": "arn:aws:ec2:ap-southeast-1:104866962497:instance/i-0c06ead72d5aa215b",
            "associate_public_ip_address": true,
            "availability_zone": "ap-southeast-1a",
            "capacity_reservation_specification": [
              {
                "capacity_reservation_preference": "open",
                "capacity_reservation_target": []
              }
            ],
            "cpu_core_count": 1,
            "cpu_threads_per_core": 1,
            "credit_specification": [
              {
                "cpu_credits": "standard"
              }
            ],
            "disable_api_stop": false,
            "disable_api_termination": false,
            "ebs_block_device": [
              {
                "delete_on_termination": true,
                "device_name": "/dev/xvda",
                "encrypted": true,
                "iops": 100,
                "kms_key_id": "arn:aws:kms:ap-southeast-1:104866962497:key/ad336a8e-276e-46c5-9395-663b0b231bff",
                "snapshot_id": "",
                "tags": {},
                "throughput": 0,
                "volume_id": "vol-05387764fa1601ffc",
                "volume_size": 10,
                "volume_type": "gp2"
              }
            ],
            "ebs_optimized": false,
            "enclave_options": [
              {
                "enabled": false
              }
            ],
            "ephemeral_block_device": [],
            "get_password_data": true,
            "hibernation": false,
            "host_id": "",
            "host_resource_group_arn": null,
            "iam_instance_profile": "",
            "id": "i-0c06ead72d5aa215b",
            "instance_initiated_shutdown_behavior": "stop",
            "instance_state": "running",
            "instance_type": "t2.micro",
            "ipv6_address_count": 0,
            "ipv6_addresses": [],
            "key_name": "Tan-TF-Windows-key",
            "launch_template": [],
            "maintenance_options": [
              {
                "auto_recovery": "default"
              }
            ],
            "metadata_options": [
              {
                "http_endpoint": "enabled",
                "http_put_response_hop_limit": 1,
                "http_tokens": "optional",
                "instance_metadata_tags": "disabled"
              }
            ],
            "monitoring": false,
            "network_interface": [],
            "outpost_arn": "",
            "password_data": "K0rA5vs1YSrZaMxNGrwMgfjrDI5FTaNDfaF7cuHPSIKWRpSB5j7Eg2MouYQdJReG1UonIQZhp6yM8LwADhPk+8cBE91+8hp4NPilFFSts1ygSkxOQMwFTT2QEsCQ7r9lopo6JQX6dx33DOmbC8jUjw4fKLrJ8TpW3nVHZz2ZGw1Qcqv2OcG1HM+8lzggvIwpiIUwNveFq+RX9i/viQAs0f2VNEHPrtzMtr9llmrGAddXLo2ZYMgR09q0HmfjEHsYfnwc4Cd5qociqvV6e6e2IgadrILjlUiEue9/ArlCkEiUreWjkBzv7dA2LRSpEu99gznDnPVuhCOo+PPnW3xdcg==",
            "placement_group": "",
            "placement_partition_number": 0,
            "primary_network_interface_id": "eni-0d7488575f5b3c176",
            "private_dns": "ip-172-16-1-118.ap-southeast-1.compute.internal",
            "private_dns_name_options": [
              {
                "enable_resource_name_dns_a_record": false,
                "enable_resource_name_dns_aaaa_record": false,
                "hostname_type": "ip-name"
              }
            ],
            "private_ip": "172.16.1.118",
            "public_dns": "",
            "public_ip": "54.169.255.208",
            "root_block_device": [
              {
                "delete_on_termination": true,
                "device_name": "/dev/sda1",
                "encrypted": true,
                "iops": 100,
                "kms_key_id": "arn:aws:kms:ap-southeast-1:104866962497:key/ad336a8e-276e-46c5-9395-663b0b231bff",
                "tags": null,
                "throughput": 0,
                "volume_id": "vol-0b70691920b2e5e1b",
                "volume_size": 30,
                "volume_type": "gp2"
              }
            ],
            "secondary_private_ips": [],
            "security_groups": [],
            "source_dest_check": false,
            "subnet_id": "subnet-077f58733a4d50cb6",
            "tags": {
              "Name": "windows-newrelic"
            },
            "tags_all": {
              "Name": "windows-newrelic"
            },
            "tenancy": "default",
            "timeouts": null,
            "user_data": "c272aff7214e9d37601da4472857726563a10155",
            "user_data_base64": null,
            "user_data_replace_on_change": false,
            "volume_tags": null,
            "vpc_security_group_ids": [
              "sg-0caf68144c05685b1"
            ]
          },
          "sensitive_attributes": [],
          "private": "eyJlMmJmYjczMC1lY2FhLTExZTYtOGY4OC0zNDM2M2JjN2M0YzAiOnsiY3JlYXRlIjo2MDAwMDAwMDAwMDAsImRlbGV0ZSI6MTIwMDAwMDAwMDAwMCwidXBkYXRlIjo2MDAwMDAwMDAwMDB9LCJzY2hlbWFfdmVyc2lvbiI6IjEifQ==",
          "dependencies": [
            "module.newrelic.aws_security_group.secu-group-test2",
            "module.newrelic.data.template_file.windows-userdata",
            "module.vpc.aws_subnet.private_subnet",
            "module.vpc.aws_vpc.private_vpc"
          ]
        }
      ]
    },
    {
      "module": "module.newrelic",
      "mode": "managed",
      "type": "aws_security_group",
      "name": "secu-group-test2",
      "provider": "provider[\"registry.terraform.io/hashicorp/aws\"]",
      "instances": [
        {
          "schema_version": 1,
          "attributes": {
            "arn": "arn:aws:ec2:ap-southeast-1:104866962497:security-group/sg-0caf68144c05685b1",
            "description": "New Relic secu group",
            "egress": [
              {
                "cidr_blocks": [
                  "0.0.0.0/0"
                ],
                "description": "",
                "from_port": 0,
                "ipv6_cidr_blocks": [],
                "prefix_list_ids": [],
                "protocol": "-1",
                "security_groups": [],
                "self": false,
                "to_port": 0
              }
            ],
            "id": "sg-0caf68144c05685b1",
            "ingress": [
              {
                "cidr_blocks": [
                  "0.0.0.0/0"
                ],
                "description": "",
                "from_port": 22,
                "ipv6_cidr_blocks": [],
                "prefix_list_ids": [],
                "protocol": "tcp",
                "security_groups": [],
                "self": false,
                "to_port": 22
              },
              {
                "cidr_blocks": [
                  "0.0.0.0/0"
                ],
                "description": "",
                "from_port": 3389,
                "ipv6_cidr_blocks": [],
                "prefix_list_ids": [],
                "protocol": "tcp",
                "security_groups": [],
                "self": false,
                "to_port": 3389
              },
              {
                "cidr_blocks": [
                  "172.16.0.0/16"
                ],
                "description": "",
                "from_port": 5985,
                "ipv6_cidr_blocks": [],
                "prefix_list_ids": [],
                "protocol": "tcp",
                "security_groups": [],
                "self": false,
                "to_port": 5985
              }
            ],
            "name": "New Relic",
            "name_prefix": "",
            "owner_id": "104866962497",
            "revoke_rules_on_delete": false,
            "tags": {
              "Name": "New Relic"
            },
            "tags_all": {
              "Name": "New Relic"
            },
            "timeouts": null,
            "vpc_id": "vpc-0baf4526a06996a1d"
          },
          "sensitive_attributes": [],
          "private": "eyJlMmJmYjczMC1lY2FhLTExZTYtOGY4OC0zNDM2M2JjN2M0YzAiOnsiY3JlYXRlIjo2MDAwMDAwMDAwMDAsImRlbGV0ZSI6OTAwMDAwMDAwMDAwfSwic2NoZW1hX3ZlcnNpb24iOiIxIn0=",
          "dependencies": [
            "module.vpc.aws_vpc.private_vpc"
          ]
        }
      ]
    },
    {
      "module": "module.vpc",
      "mode": "managed",
      "type": "aws_default_route_table",
      "name": "TF-default-route",
      "provider": "provider[\"registry.terraform.io/hashicorp/aws\"]",
      "instances": [
        {
          "schema_version": 0,
          "attributes": {
            "arn": "arn:aws:ec2:ap-southeast-1:104866962497:route-table/rtb-0c1598d90bb84e902",
            "default_route_table_id": "rtb-0c1598d90bb84e902",
            "id": "rtb-0c1598d90bb84e902",
            "owner_id": "104866962497",
            "propagating_vgws": null,
            "route": [
              {
                "cidr_block": "0.0.0.0/0",
                "core_network_arn": "",
                "destination_prefix_list_id": "",
                "egress_only_gateway_id": "",
                "gateway_id": "igw-0a229e6eecd3684bc",
                "instance_id": "",
                "ipv6_cidr_block": "",
                "nat_gateway_id": "",
                "network_interface_id": "",
                "transit_gateway_id": "",
                "vpc_endpoint_id": "",
                "vpc_peering_connection_id": ""
              }
            ],
            "tags": null,
            "tags_all": {},
            "timeouts": null,
            "vpc_id": "vpc-0baf4526a06996a1d"
          },
          "sensitive_attributes": [],
          "private": "eyJlMmJmYjczMC1lY2FhLTExZTYtOGY4OC0zNDM2M2JjN2M0YzAiOnsiY3JlYXRlIjoxMjAwMDAwMDAwMDAsInVwZGF0ZSI6MTIwMDAwMDAwMDAwfX0=",
          "dependencies": [
            "module.vpc.aws_internet_gateway.another_gw",
            "module.vpc.aws_vpc.private_vpc"
          ]
        }
      ]
    },
    {
      "module": "module.vpc",
      "mode": "managed",
      "type": "aws_internet_gateway",
      "name": "another_gw",
      "provider": "provider[\"registry.terraform.io/hashicorp/aws\"]",
      "instances": [
        {
          "schema_version": 0,
          "attributes": {
            "arn": "arn:aws:ec2:ap-southeast-1:104866962497:internet-gateway/igw-0a229e6eecd3684bc",
            "id": "igw-0a229e6eecd3684bc",
            "owner_id": "104866962497",
            "tags": {
              "Name": "Another Gateway"
            },
            "tags_all": {
              "Name": "Another Gateway"
            },
            "timeouts": null,
            "vpc_id": "vpc-0baf4526a06996a1d"
          },
          "sensitive_attributes": [],
          "private": "eyJlMmJmYjczMC1lY2FhLTExZTYtOGY4OC0zNDM2M2JjN2M0YzAiOnsiY3JlYXRlIjoxMjAwMDAwMDAwMDAwLCJkZWxldGUiOjEyMDAwMDAwMDAwMDAsInVwZGF0ZSI6MTIwMDAwMDAwMDAwMH19",
          "dependencies": [
            "module.vpc.aws_vpc.private_vpc"
          ]
        }
      ]
    },
    {
      "module": "module.vpc",
      "mode": "managed",
      "type": "aws_subnet",
      "name": "private_subnet",
      "provider": "provider[\"registry.terraform.io/hashicorp/aws\"]",
      "instances": [
        {
          "schema_version": 1,
          "attributes": {
            "arn": "arn:aws:ec2:ap-southeast-1:104866962497:subnet/subnet-077f58733a4d50cb6",
            "assign_ipv6_address_on_creation": false,
            "availability_zone": "ap-southeast-1a",
            "availability_zone_id": "apse1-az2",
            "cidr_block": "172.16.1.0/24",
            "customer_owned_ipv4_pool": "",
            "enable_dns64": false,
            "enable_resource_name_dns_a_record_on_launch": false,
            "enable_resource_name_dns_aaaa_record_on_launch": false,
            "id": "subnet-077f58733a4d50cb6",
            "ipv6_cidr_block": "",
            "ipv6_cidr_block_association_id": "",
            "ipv6_native": false,
            "map_customer_owned_ip_on_launch": false,
            "map_public_ip_on_launch": false,
            "outpost_arn": "",
            "owner_id": "104866962497",
            "private_dns_hostname_type_on_launch": "ip-name",
            "tags": {
              "Name": "private_network_interface"
            },
            "tags_all": {
              "Name": "private_network_interface"
            },
            "timeouts": null,
            "vpc_id": "vpc-0baf4526a06996a1d"
          },
          "sensitive_attributes": [],
          "private": "eyJlMmJmYjczMC1lY2FhLTExZTYtOGY4OC0zNDM2M2JjN2M0YzAiOnsiY3JlYXRlIjo2MDAwMDAwMDAwMDAsImRlbGV0ZSI6MTIwMDAwMDAwMDAwMH0sInNjaGVtYV92ZXJzaW9uIjoiMSJ9",
          "dependencies": [
            "module.vpc.aws_vpc.private_vpc"
          ]
        }
      ]
    },
    {
      "module": "module.vpc",
      "mode": "managed",
      "type": "aws_subnet",
      "name": "public_subnet",
      "provider": "provider[\"registry.terraform.io/hashicorp/aws\"]",
      "instances": [
        {
          "schema_version": 1,
          "attributes": {
            "arn": "arn:aws:ec2:ap-southeast-1:104866962497:subnet/subnet-0d866c563046664bf",
            "assign_ipv6_address_on_creation": false,
            "availability_zone": "ap-southeast-1a",
            "availability_zone_id": "apse1-az2",
            "cidr_block": "172.16.2.0/24",
            "customer_owned_ipv4_pool": "",
            "enable_dns64": false,
            "enable_resource_name_dns_a_record_on_launch": false,
            "enable_resource_name_dns_aaaa_record_on_launch": false,
            "id": "subnet-0d866c563046664bf",
            "ipv6_cidr_block": "",
            "ipv6_cidr_block_association_id": "",
            "ipv6_native": false,
            "map_customer_owned_ip_on_launch": false,
            "map_public_ip_on_launch": true,
            "outpost_arn": "",
            "owner_id": "104866962497",
            "private_dns_hostname_type_on_launch": "ip-name",
            "tags": {
              "Name": "public_network_interface"
            },
            "tags_all": {
              "Name": "public_network_interface"
            },
            "timeouts": null,
            "vpc_id": "vpc-0baf4526a06996a1d"
          },
          "sensitive_attributes": [],
          "private": "eyJlMmJmYjczMC1lY2FhLTExZTYtOGY4OC0zNDM2M2JjN2M0YzAiOnsiY3JlYXRlIjo2MDAwMDAwMDAwMDAsImRlbGV0ZSI6MTIwMDAwMDAwMDAwMH0sInNjaGVtYV92ZXJzaW9uIjoiMSJ9",
          "dependencies": [
            "module.vpc.aws_internet_gateway.another_gw",
            "module.vpc.aws_vpc.private_vpc"
          ]
        }
      ]
    },
    {
      "module": "module.vpc",
      "mode": "managed",
      "type": "aws_vpc",
      "name": "private_vpc",
      "provider": "provider[\"registry.terraform.io/hashicorp/aws\"]",
      "instances": [
        {
          "schema_version": 1,
          "attributes": {
            "arn": "arn:aws:ec2:ap-southeast-1:104866962497:vpc/vpc-0baf4526a06996a1d",
            "assign_generated_ipv6_cidr_block": false,
            "cidr_block": "172.16.0.0/16",
            "default_network_acl_id": "acl-02cf9d7cd9a4f2ed7",
            "default_route_table_id": "rtb-0c1598d90bb84e902",
            "default_security_group_id": "sg-0be8125f2e8d4c2a2",
            "dhcp_options_id": "dopt-0fcf1808e855319d0",
            "enable_classiclink": false,
            "enable_classiclink_dns_support": false,
            "enable_dns_hostnames": false,
            "enable_dns_support": true,
            "enable_network_address_usage_metrics": false,
            "id": "vpc-0baf4526a06996a1d",
            "instance_tenancy": "default",
            "ipv4_ipam_pool_id": null,
            "ipv4_netmask_length": null,
            "ipv6_association_id": "",
            "ipv6_cidr_block": "",
            "ipv6_cidr_block_network_border_group": "",
            "ipv6_ipam_pool_id": "",
            "ipv6_netmask_length": 0,
            "main_route_table_id": "rtb-0c1598d90bb84e902",
            "owner_id": "104866962497",
            "tags": {
              "Name": "Tan_Private_VPC"
            },
            "tags_all": {
              "Name": "Tan_Private_VPC"
            }
          },
          "sensitive_attributes": [],
          "private": "eyJzY2hlbWFfdmVyc2lvbiI6IjEifQ=="
        }
      ]
    }
  ],
  "check_results": null
}
